# This file is automatically @generated by Cargo.
# It is not intended for manual editing.
version = 4

[[package]]
name = "worlddb-cli"
version = "0.1.0"
dependencies = [
 "worlddb-core",
 "worlddb-storage-file",
]

[[package]]
name = "worlddb-core"
version = "0.1.0"

[[package]]
name = "worlddb-storage-file"
version = "0.1.0"
dependencies = [
 "worlddb-core",
]

[[package]]
name = "worlddb-testkit"
version = "0.1.0"
dependencies = [
 "worlddb-core",
]

[[package]]
name = "xtask"
version = "0.1.0"
